
Microsoft Visual Studio Solution File, Format Version 12.00
# Visual Studio Version 16
VisualStudioVersion = 16.0.31702.278
MinimumVisualStudioVersion = 10.0.40219.1
Project("{FAE04EC0-301F-11D3-BF4B-00C04F79EFBC}") = "FolderChange", "FolderChange\FolderChange.csproj", "{1620EFE0-17EE-4194-8D54-32F8A3B32F77}"
EndProject
Global
	GlobalSection(SolutionConfigurationPlatforms) = preSolution
		Debug|Any CPU = Debug|Any CPU
		Release|Any CPU = Release|Any CPU
	EndGlobalSection
	GlobalSection(ProjectConfigurationPlatforms) = postSolution
		{1620EFE0-17EE-4194-8D54-32F8A3B32F77}.Debug|Any CPU.ActiveCfg = Debug|Any CPU
		{1620EFE0-17EE-4194-8D54-32F8A3B32F77}.Debug|Any CPU.Build.0 = Debug|Any CPU
		{1620EFE0-17EE-4194-8D54-32F8A3B32F77}.Release|Any CPU.ActiveCfg = Release|Any CPU
		{1620EFE0-17EE-4194-8D54-32F8A3B32F77}.Release|Any CPU.Build.0 = Release|Any CPU
	EndGlobalSection
	GlobalSection(SolutionProperties) = preSolution
		HideSolutionNode = FALSE
	EndGlobalSection
	GlobalSection(ExtensibilityGlobals) = postSolution
		SolutionGuid = {FFA985F5-CDD4-4FE7-8E79-BF82522329E4}
	EndGlobalSection
EndGlobal
